
Microsoft Visual Studio Solution File, Format Version 12.00
# Visual Studio Version 17
VisualStudioVersion = 17.0.31903.59
MinimumVisualStudioVersion = 10.0.40219.1
Project("{2150E333-8FDC-42A3-9474-1A3956D46DE8}") = "src", "src", "{687089A4-A170-4F71-8893-E13BB8619062}"
EndProject
Project("{2150E333-8FDC-42A3-9474-1A3956D46DE8}") = "TodoApi", "TodoApi", "{C1947DFD-BB66-4169-8ABA-3B189E7EC180}"
EndProject
Project("{FAE04EC0-301F-11D3-BF4B-00C04F79EFBC}") = "TodoApi", "TodoApi\TodoApi.csproj", "{329D02A9-490C-4902-85D8-0A53F75B0F0C}"
EndProject
Global
	GlobalSection(SolutionConfigurationPlatforms) = preSolution
		Debug|Any CPU = Debug|Any CPU
		Release|Any CPU = Release|Any CPU
	EndGlobalSection
	GlobalSection(SolutionProperties) = preSolution
		HideSolutionNode = FALSE
	EndGlobalSection
	GlobalSection(ProjectConfigurationPlatforms) = postSolution
		{329D02A9-490C-4902-85D8-0A53F75B0F0C}.Debug|Any CPU.ActiveCfg = Debug|Any CPU
		{329D02A9-490C-4902-85D8-0A53F75B0F0C}.Debug|Any CPU.Build.0 = Debug|Any CPU
		{329D02A9-490C-4902-85D8-0A53F75B0F0C}.Release|Any CPU.ActiveCfg = Release|Any CPU
		{329D02A9-490C-4902-85D8-0A53F75B0F0C}.Release|Any CPU.Build.0 = Release|Any CPU
	EndGlobalSection
	GlobalSection(NestedProjects) = preSolution
		{C1947DFD-BB66-4169-8ABA-3B189E7EC180} = {687089A4-A170-4F71-8893-E13BB8619062}
		{329D02A9-490C-4902-85D8-0A53F75B0F0C} = {C1947DFD-BB66-4169-8ABA-3B189E7EC180}
	EndGlobalSection
EndGlobal
